# THIS IS AN AUTOGENERATED FILE. DO NOT EDIT THIS FILE DIRECTLY.
# yarn lockfile v1


lax.js@^2.0.2:
  version "2.0.2"
  resolved "https://registry.yarnpkg.com/lax.js/-/lax.js-2.0.2.tgz#26fc310d4dd6f3b3d809f4488d5586160682feae"
  integrity sha512-RxWYnpRzc1JwDFLDhBPLdCGg94K8ZjWJwQNxJxQTDtsfoFiNh9cGv77VBQ2wFqCN8YE5CGSUGSVav6eGkfBF3A==
